github.com/davecgh/go-spew v1.1.0 h1:ZDRjVQ15GmhC3fiQ8ni8+OwkZQO4DARzQgrnXU1Liz8=
github.com/davecgh/go-spew v1.1.0/go.mod h1:J7Y8YcW2NihsgmVo/mv3lAwl/skON4iLHjSsI+c5H38=
github.com/go-recaptcha/recaptcha v1.0.1 h1:4NzMQSLoAz0GZjITmN/KQLkqw+eNbmw+/E5bxxzs3lE=
github.com/go-recaptcha/recaptcha v1.0.1/go.mod h1:P9kxikzgGXuC/ZaOh3zjGrhiE4nfXukNSnglpHfWo5k=
github.com/gorilla/websocket v1.2.0 h1:VJtLvh6VQym50czpZzx07z/kw9EgAxI3x1ZB8taTMQQ=
github.com/gorilla/websocket v1.2.0/go.mod h1:E7qHFY5m1UJ88s3WnNqhKjPHQ0heANvMoAMk2YaljkQ=
github.com/kelseyhightower/envconfig v1.3.0 h1:IvRS4f2VcIQy6j4ORGIf9145T/AsUB+oY8LyvN8BXNM=
github.com/kelseyhightower/envconfig v1.3.0/go.mod h1:cccZRl6mQpaq41TPp5QxidR+Sa3axMbJDNb//FQX6Gg=
github.com/lusis/go-slackbot v0.0.0-20180109053408-401027ccfef5 h1:AsEBgzv3DhuYHI/GiQh2HxvTP71HCCE9E/tzGUzGdtU=
github.com/lusis/go-slackbot v0.0.0-20180109053408-401027ccfef5/go.mod h1:c2mYKRyMb1BPkO5St0c/ps62L4S0W2NAkaTXj9qEI+0=
github.com/lusis/slack-test v0.0.0-20190426140909-c40012f20018 h1:MNApn+Z+fIT4NPZopPfCc1obT6aY3SVM6DOctz1A9ZU=
github.com/lusis/slack-test v0.0.0-20190426140909-c40012f20018/go.mod h1:sFlOUpQL1YcjhFVXhg1CG8ZASEs/Mf1oVb6H75JL/zg=
github.com/nlopes/slack v0.2.0 h1:ygNVH3HWrOPFbzFoAmRKPcMcmYMmsLf+vPV9DhJdqJI=
github.com/nlopes/slack v0.2.0/go.mod h1:jVI4BBK3lSktibKahxBF74txcK2vyvkza1z/+rRnVAM=
github.com/paulbellamy/ratecounter v0.2.0 h1:2L/RhJq+HA8gBQImDXtLPrDXK5qAj6ozWVK/zFXVJGs=
github.com/paulbellamy/ratecounter v0.2.0/go.mod h1:Hfx1hDpSGoqxkVVpBi/IlYD7kChlfo5C6hzIHwPqfFE=
github.com/pmezard/go-difflib v1.0.0 h1:4DBwDE0NGyQoBHbLQYPwSUPoCMWR5BEzIk/f1lZbAQM=
github.com/pmezard/go-difflib v1.0.0/go.mod h1:iKH77koFhYxTK1pcRnkKkqfTogsbg7gZNVY4sRDYZ/4=
github.com/pquerna/ffjson v0.0.0-20171002144729-d49c2bc1aa13 h1:AUK/hm/tPsiNNASdb3J8fySVRZoI7fnK5mlOvdFD43o=
github.com/pquerna/ffjson v0.0.0-20171002144729-d49c2bc1aa13/go.mod h1:YARuvh7BUWHNhzDq2OM5tzR2RiCcN2D7sapiKyCel/M=
github.com/stretchr/objx v0.1.0/go.mod h1:HFkY916IF+rwdDfMAkV7OtwuqBVzrE8GR6GFx+wExME=
github.com/stretchr/testify v1.3.0 h1:TivCn/peBQ7UY8ooIcPgZFpTNSz0Q2U6UrFlUfqbe0Q=
github.com/stretchr/testify v1.3.0/go.mod h1:M5WIy9Dh21IEIfnGCwXGc5bZfKNJtfHm1UVUgZn+9EI=
