# This file is autogenerated, do not edit; changes may be undone by the next 'dep ensure'.


[[projects]]
  name = "github.com/go-recaptcha/recaptcha"
  packages = ["."]
  revision = "a86c95e95c27837a121c69d0feb7ffe1e2d11177"
  version = "v1.0.1"

[[projects]]
  name = "github.com/golang/protobuf"
  packages = ["proto"]
  revision = "925541529c1fa6821df4e44ce2723319eb2be768"
  version = "v1.0.0"

[[projects]]
  name = "github.com/gorilla/websocket"
  packages = ["."]
  revision = "ea4d1f681babbce9545c9c5f3d5194a789c89f5b"
  version = "v1.2.0"

[[projects]]
  name = "github.com/kelseyhightower/envconfig"
  packages = ["."]
  revision = "f611eb38b3875cc3bd991ca91c51d06446afa14c"
  version = "v1.3.0"

[[projects]]
  name = "github.com/nlopes/slack"
  packages = ["."]
  revision = "8ab4d0b364ef1e9af5d102531da20d5ec902b6c4"
  version = "v0.2.0"

[[projects]]
  name = "github.com/paulbellamy/ratecounter"
  packages = ["."]
  revision = "524851a93235ac051e3540563ed7909357fe24ab"
  version = "v0.2.0"

[[projects]]
  branch = "master"
  name = "github.com/pquerna/ffjson"
  packages = [
    "fflib/v1",
    "fflib/v1/internal"
  ]
  revision = "d49c2bc1aa135aad0c6f4fc2056623ec78f5d5ac"

[[projects]]
  branch = "master"
  name = "golang.org/x/net"
  packages = ["context"]
  revision = "a35a21de978d84ffc92f010a153705b170b2f9d1"

[[projects]]
  name = "google.golang.org/appengine"
  packages = [
    ".",
    "internal",
    "internal/app_identity",
    "internal/base",
    "internal/datastore",
    "internal/log",
    "internal/modules",
    "internal/remote_api"
  ]
  revision = "150dc57a1b433e64154302bdc40b6bb8aefa313a"
  version = "v1.0.0"

[solve-meta]
  analyzer-name = "dep"
  analyzer-version = 1
  inputs-digest = "c14c4dd237dbca9eee006f1d31380d4d3d0f17b3a4224f7dfa2777ad9b82496c"
  solver-name = "gps-cdcl"
  solver-version = 1
